#MicroXplorer Configuration settings - do not modify
Mcu.Family=STM32F4
RCC.PLLSourceVirtual=RCC_PLLSOURCE_HSE
VP_STMicroelectronics.X-CUBE-TOUCHGFX_VS_GraphicsJjApplication_4.18.1.Mode=GraphicsJjApplication
ProjectManager.MainLocation=Core/Src
ProjectManager.ProjectFileName=stm32f411ce.ioc
RCC.CortexFreq_Value=100000000
PA7.Mode=Simplex_Bidirectional_Master
STMicroelectronics.X-CUBE-TOUCHGFX.4.18.1_IsPackSelfContextualization=true
ProjectManager.KeepUserCode=true
Mcu.UserName=STM32F411CEUx
Mcu.PinsNb=10
SPI1.VirtualType=VM_MASTER
ProjectManager.NoMain=false
SPI1.IPParameters=VirtualType,Mode,Direction,CalculateBaudRate,BaudRatePrescaler,DataSize
RCC.PLLCLKFreq_Value=100000000
RCC.PLLQCLKFreq_Value=50000000
STMicroelectronics.X-CUBE-TOUCHGFX.4.18.1.tgfx_pixel_format=RGB565\:16
ProjectManager.functionlistsort=1-MX_GPIO_Init-GPIO-false-HAL-true,2-SystemClock_Config-RCC-false-HAL-false,3-MX_CRC_Init-CRC-false-HAL-true,4-MX_SPI1_Init-SPI1-false-HAL-true,5-MX_TouchGFX_Init-STMicroelectronics.X-CUBE-TOUCHGFX.4.18.1-false-HAL-false,6-MX_TouchGFX_Process-STMicroelectronics.X-CUBE-TOUCHGFX.4.18.1-false-HAL-false
PH1\ -\ OSC_OUT.Mode=HSE-External-Oscillator
PA2.GPIO_Speed=GPIO_SPEED_FREQ_VERY_HIGH
RCC.RTCFreq_Value=32000
PA3.GPIOParameters=GPIO_Speed,PinState,GPIO_Label
ProjectManager.DefaultFWLocation=true
ProjectManager.DeletePrevious=true
RCC.APB1CLKDivider=RCC_HCLK_DIV2
PA3.GPIO_Speed=GPIO_SPEED_FREQ_VERY_HIGH
PA2.GPIOParameters=GPIO_Speed,PinState,GPIO_Label
PinOutPanel.RotationAngle=0
RCC.FamilyName=M
STMicroelectronics.X-CUBE-TOUCHGFX.4.18.1.IPParameters=tgfx_custom_width,tgfx_custom_height,tgfx_hardware_accelerator,tgfx_location,tgfx_address1,tgfx_buffering_strategy,tgfx_number_of_blocks,tgfx_pixel_format,ApplicationCcGraphicsJjApplication
RCC.SYSCLKSource=RCC_SYSCLKSOURCE_PLLCLK
ProjectManager.StackSize=0x400
Mcu.IP4=SYS
RCC.FCLKCortexFreq_Value=100000000
NVIC.SVCall_IRQn=true\:0\:0\:false\:false\:true\:false\:false
Mcu.IP2=RCC
Mcu.IP3=SPI1
Mcu.IP0=CRC
Mcu.IP1=NVIC
PH0\ -\ OSC_IN.Mode=HSE-External-Oscillator
PA4.PinState=GPIO_PIN_SET
Mcu.UserConstants=
PH0\ -\ OSC_IN.Signal=RCC_OSC_IN
ProjectManager.TargetToolchain=STM32CubeIDE
Mcu.ThirdPartyNb=1
VP_CRC_VS_CRC.Signal=CRC_VS_CRC
SPI1.Direction=SPI_DIRECTION_1LINE
RCC.HCLKFreq_Value=100000000
Mcu.IPNb=5
RCC.I2SClocksFreq_Value=150000000
ProjectManager.PreviousToolchain=
RCC.APB2TimFreq_Value=100000000
RCC.VcooutputI2S=150000000
SPI1.CalculateBaudRate=50.0 MBits/s
RCC.VCOInputMFreq_Value=1562500
Mcu.Pin6=PA7
Mcu.Pin7=VP_CRC_VS_CRC
ProjectManager.RegisterCallBack=
Mcu.Pin8=VP_SYS_VS_Systick
Mcu.Pin9=VP_STMicroelectronics.X-CUBE-TOUCHGFX_VS_GraphicsJjApplication_4.18.1
RCC.LSE_VALUE=32768
RCC.AHBFreq_Value=100000000
Mcu.Pin0=PH0 - OSC_IN
Mcu.Pin1=PH1 - OSC_OUT
GPIO.groupedBy=Group By Peripherals
Mcu.Pin2=PA2
Mcu.Pin3=PA3
Mcu.Pin4=PA4
RCC.VCOI2SOutputFreq_Value=300000000
Mcu.Pin5=PA5
PA5.Signal=SPI1_SCK
ProjectManager.ProjectBuild=false
RCC.HSE_VALUE=25000000
NVIC.UsageFault_IRQn=true\:0\:0\:false\:false\:true\:false\:false
NVIC.DebugMonitor_IRQn=true\:0\:0\:false\:false\:true\:false\:false
PH1\ -\ OSC_OUT.Signal=RCC_OSC_OUT
board=custom
PA4.Locked=true
STMicroelectronics.X-CUBE-TOUCHGFX.4.18.1.tgfx_custom_height=128
RCC.VCOOutputFreq_Value=200000000
NVIC.SysTick_IRQn=true\:0\:0\:false\:false\:true\:false\:true
STMicroelectronics.X-CUBE-TOUCHGFX.4.18.1.GraphicsJjApplication_Checked=true
ProjectManager.LastFirmware=true
PA4.GPIO_Speed=GPIO_SPEED_FREQ_VERY_HIGH
ProjectManager.FirmwarePackage=STM32Cube FW_F4 V1.26.2
MxDb.Version=DB.6.0.21
PA2.PinState=GPIO_PIN_SET
RCC.APB2Freq_Value=100000000
Mcu.ThirdParty0=STMicroelectronics.X-CUBE-TOUCHGFX.4.18.1
ProjectManager.BackupPrevious=false
MxCube.Version=6.2.1
RCC.VCOInputFreq_Value=1041666.6666666666
STMicroelectronics.X-CUBE-TOUCHGFX.4.18.1_SwParameter=ApplicationCcGraphicsJjApplication\:TouchGFXOoGenerator;
SPI1.Mode=SPI_MODE_MASTER
STMicroelectronics.X-CUBE-TOUCHGFX.4.18.1.tgfx_custom_width=128
SPI1.DataSize=SPI_DATASIZE_8BIT
File.Version=6
VP_SYS_VS_Systick.Mode=SysTick
RCC.EthernetFreq_Value=100000000
STMicroelectronics.X-CUBE-TOUCHGFX.4.18.1.tgfx_number_of_blocks=1
NVIC.NonMaskableInt_IRQn=true\:0\:0\:false\:false\:true\:false\:false
PA4.GPIOParameters=GPIO_Speed,PinState,GPIO_Label
NVIC.PendSV_IRQn=true\:0\:0\:false\:false\:true\:false\:false
ProjectManager.FreePins=false
RCC.IPParameters=48MHZClocksFreq_Value,AHBFreq_Value,APB1CLKDivider,APB1Freq_Value,APB1TimFreq_Value,APB2Freq_Value,APB2TimFreq_Value,CortexFreq_Value,EthernetFreq_Value,FCLKCortexFreq_Value,FamilyName,HCLKFreq_Value,HSE_VALUE,HSI_VALUE,I2SClocksFreq_Value,LSE_VALUE,LSI_VALUE,PLLCLKFreq_Value,PLLM,PLLQCLKFreq_Value,PLLSourceVirtual,RTCFreq_Value,RTCHSEDivFreq_Value,SYSCLKFreq_VALUE,SYSCLKSource,VCOI2SOutputFreq_Value,VCOInputFreq_Value,VCOInputMFreq_Value,VCOOutputFreq_Value,VcooutputI2S
ProjectManager.AskForMigrate=true
Mcu.Name=STM32F411C(C-E)Ux
ProjectManager.HalAssertFull=false
RCC.RTCHSEDivFreq_Value=12500000
PA2.Signal=GPIO_Output
ProjectManager.ProjectName=stm32f411ce
ProjectManager.UnderRoot=true
ProjectManager.CoupleFile=false
RCC.48MHZClocksFreq_Value=50000000
PA4.Signal=GPIO_Output
RCC.SYSCLKFreq_VALUE=100000000
Mcu.Package=UFQFPN48
PA3.Locked=true
NVIC.ForceEnableDMAVector=true
KeepUserPlacement=false
NVIC.MemoryManagement_IRQn=true\:0\:0\:false\:false\:true\:false\:false
ProjectManager.CompilerOptimize=6
ProjectManager.ToolChainLocation=
RCC.LSI_VALUE=32000
PA2.GPIO_Label=SPI1_DC
VP_STMicroelectronics.X-CUBE-TOUCHGFX_VS_GraphicsJjApplication_4.18.1.Signal=STMicroelectronics.X-CUBE-TOUCHGFX_VS_GraphicsJjApplication_4.18.1
VP_SYS_VS_Systick.Signal=SYS_VS_Systick
STMicroelectronics.X-CUBE-TOUCHGFX.4.18.1.tgfx_address1=0xD0100000
ProjectManager.HeapSize=0x200
NVIC.HardFault_IRQn=true\:0\:0\:false\:false\:true\:false\:false
ProjectManager.ComputerToolchain=false
RCC.HSI_VALUE=16000000
STMicroelectronics.X-CUBE-TOUCHGFX.4.18.1.tgfx_location=Allocate
STMicroelectronics.X-CUBE-TOUCHGFX.4.18.1.ApplicationCcGraphicsJjApplication=TouchGFXOoGenerator
NVIC.PriorityGroup=NVIC_PRIORITYGROUP_4
RCC.PLLM=24
RCC.APB1TimFreq_Value=100000000
PA3.PinState=GPIO_PIN_SET
NVIC.BusFault_IRQn=true\:0\:0\:false\:false\:true\:false\:false
RCC.APB1Freq_Value=50000000
SPI1.BaudRatePrescaler=SPI_BAUDRATEPRESCALER_2
VP_CRC_VS_CRC.Mode=CRC_Activate
PA4.GPIO_Label=SPI1_CS
ProjectManager.CustomerFirmwarePackage=
ProjectManager.DeviceId=STM32F411CEUx
STMicroelectronics.X-CUBE-TOUCHGFX.4.18.1.tgfx_hardware_accelerator=dma_custom
ProjectManager.LibraryCopy=1
PA3.GPIO_Label=SPI1_RST
PA3.Signal=GPIO_Output
STMicroelectronics.X-CUBE-TOUCHGFX.4.18.1.tgfx_buffering_strategy=Single
PA5.Mode=Simplex_Bidirectional_Master
PA7.Signal=SPI1_MOSI
PA2.Locked=true
isbadioc=false
